{
  "meteor": {},
  "dependencies": {
    "basePackages": {
      "googlemaps": {}
    },
    "packages": {
      "googlemaps": {
        "git": "https://github.com/drewjw81/meteor-googlemaps.git",
        "tag": "v0.0.2",
        "commit": "da8785c82cfd7de0111f898ef10728e7ed24e361"
      }
    }
  }
}
